# This file is @generated by PDM.
# It is not intended for manual editing.

[[package]]
name = "my-package"
version = "1.0"
editable = true
path = "./my_package"
summary = ""

[metadata]
lock_version = "4.2"
groups = ["default", "dev"]
content_hash = "sha256:64298951c0de9b32d0fd92e10d757235acebbf6ba836eb21cba5c14eb288ec87"

[metadata.files]
